// !$*UTF8*$!
{
	archiveVersion = 1;
	classes = {
	};
	objectVersion = 50;
	objects = {

/* Begin PBXBuildFile section */
		1391A669243E378B0005557F /* AppDelegate.swift in Sources */ = {isa = PBXBuildFile; fileRef = 1391A668243E378B0005557F /* AppDelegate.swift */; };
		1391A66B243E378B0005557F /* SceneDelegate.swift in Sources */ = {isa = PBXBuildFile; fileRef = 1391A66A243E378B0005557F /* SceneDelegate.swift */; };
		1391A66D243E378B0005557F /* PostViewController.swift in Sources */ = {isa = PBXBuildFile; fileRef = 1391A66C243E378B0005557F /* PostViewController.swift */; };
		1391A670243E378B0005557F /* Main.storyboard in Resources */ = {isa = PBXBuildFile; fileRef = 1391A66E243E378B0005557F /* Main.storyboard */; };
		1391A673243E378B0005557F /* CoreData_Number_Facts.xcdatamodeld in Sources */ = {isa = PBXBuildFile; fileRef = 1391A671243E378B0005557F /* CoreData_Number_Facts.xcdatamodeld */; };
		1391A675243E378E0005557F /* Assets.xcassets in Resources */ = {isa = PBXBuildFile; fileRef = 1391A674243E378E0005557F /* Assets.xcassets */; };
		1391A678243E378E0005557F /* LaunchScreen.storyboard in Resources */ = {isa = PBXBuildFile; fileRef = 1391A676243E378E0005557F /* LaunchScreen.storyboard */; };
		1391A687243E43990005557F /* CreatePostViewController.swift in Sources */ = {isa = PBXBuildFile; fileRef = 1391A686243E43990005557F /* CreatePostViewController.swift */; };
		1391A689243E43AF0005557F /* CreateUserViewController.swift in Sources */ = {isa = PBXBuildFile; fileRef = 1391A688243E43AF0005557F /* CreateUserViewController.swift */; };
		1391A68B243E43BD0005557F /* UsersViewController.swift in Sources */ = {isa = PBXBuildFile; fileRef = 1391A68A243E43BD0005557F /* UsersViewController.swift */; };
		13FA12B8243F753E00E5C470 /* Post+CoreDataClass.swift in Sources */ = {isa = PBXBuildFile; fileRef = 13FA12B4243F753E00E5C470 /* Post+CoreDataClass.swift */; };
		13FA12BA243F753E00E5C470 /* User+CoreDataClass.swift in Sources */ = {isa = PBXBuildFile; fileRef = 13FA12B6243F753E00E5C470 /* User+CoreDataClass.swift */; };
		13FA12D6243F78B300E5C470 /* User+CoreDataProperties.swift in Sources */ = {isa = PBXBuildFile; fileRef = 13FA12D4243F78B300E5C470 /* User+CoreDataProperties.swift */; };
		13FA12D7243F78B300E5C470 /* Post+CoreDataProperties.swift in Sources */ = {isa = PBXBuildFile; fileRef = 13FA12D5243F78B300E5C470 /* Post+CoreDataProperties.swift */; };
/* End PBXBuildFile section */

/* Begin PBXFileReference section */
		1391A665243E378B0005557F /* CoreData-Number-Facts.app */ = {isa = PBXFileReference; explicitFileType = wrapper.application; includeInIndex = 0; path = "CoreData-Number-Facts.app"; sourceTree = BUILT_PRODUCTS_DIR; };
		1391A668243E378B0005557F /* AppDelegate.swift */ = {isa = PBXFileReference; lastKnownFileType = sourcecode.swift; path = AppDelegate.swift; sourceTree = "<group>"; };
		1391A66A243E378B0005557F /* SceneDelegate.swift */ = {isa = PBXFileReference; lastKnownFileType = sourcecode.swift; path = SceneDelegate.swift; sourceTree = "<group>"; };
		1391A66C243E378B0005557F /* PostViewController.swift */ = {isa = PBXFileReference; lastKnownFileType = sourcecode.swift; path = PostViewController.swift; sourceTree = "<group>"; };
		1391A66F243E378B0005557F /* Base */ = {isa = PBXFileReference; lastKnownFileType = file.storyboard; name = Base; path = Base.lproj/Main.storyboard; sourceTree = "<group>"; };
		1391A672243E378B0005557F /* CoreData_Number_Facts.xcdatamodel */ = {isa = PBXFileReference; lastKnownFileType = wrapper.xcdatamodel; path = CoreData_Number_Facts.xcdatamodel; sourceTree = "<group>"; };
		1391A674243E378E0005557F /* Assets.xcassets */ = {isa = PBXFileReference; lastKnownFileType = folder.assetcatalog; path = Assets.xcassets; sourceTree = "<group>"; };
		1391A677243E378E0005557F /* Base */ = {isa = PBXFileReference; lastKnownFileType = file.storyboard; name = Base; path = Base.lproj/LaunchScreen.storyboard; sourceTree = "<group>"; };
		1391A679243E378E0005557F /* Info.plist */ = {isa = PBXFileReference; lastKnownFileType = text.plist.xml; path = Info.plist; sourceTree = "<group>"; };
		1391A686243E43990005557F /* CreatePostViewController.swift */ = {isa = PBXFileReference; lastKnownFileType = sourcecode.swift; path = CreatePostViewController.swift; sourceTree = "<group>"; };
		1391A688243E43AF0005557F /* CreateUserViewController.swift */ = {isa = PBXFileReference; lastKnownFileType = sourcecode.swift; path = CreateUserViewController.swift; sourceTree = "<group>"; };
		1391A68A243E43BD0005557F /* UsersViewController.swift */ = {isa = PBXFileReference; lastKnownFileType = sourcecode.swift; path = UsersViewController.swift; sourceTree = "<group>"; };
		13FA12B4243F753E00E5C470 /* Post+CoreDataClass.swift */ = {isa = PBXFileReference; lastKnownFileType = sourcecode.swift; path = "Post+CoreDataClass.swift"; sourceTree = "<group>"; };
		13FA12B6243F753E00E5C470 /* User+CoreDataClass.swift */ = {isa = PBXFileReference; lastKnownFileType = sourcecode.swift; path = "User+CoreDataClass.swift"; sourceTree = "<group>"; };
		13FA12D4243F78B300E5C470 /* User+CoreDataProperties.swift */ = {isa = PBXFileReference; lastKnownFileType = sourcecode.swift; path = "User+CoreDataProperties.swift"; sourceTree = "<group>"; };
		13FA12D5243F78B300E5C470 /* Post+CoreDataProperties.swift */ = {isa = PBXFileReference; lastKnownFileType = sourcecode.swift; path = "Post+CoreDataProperties.swift"; sourceTree = "<group>"; };
/* End PBXFileReference section */

/* Begin PBXFrameworksBuildPhase section */
		1391A662243E378B0005557F /* Frameworks */ = {
			isa = PBXFrameworksBuildPhase;
			buildActionMask = 2147483647;
			files = (
			);
			runOnlyForDeploymentPostprocessing = 0;
		};
/* End PBXFrameworksBuildPhase section */

/* Begin PBXGroup section */
		1391A65C243E378B0005557F = {
			isa = PBXGroup;
			children = (
				1391A667243E378B0005557F /* CoreData-Number-Facts */,
				1391A666243E378B0005557F /* Products */,
			);
			sourceTree = "<group>";
		};
		1391A666243E378B0005557F /* Products */ = {
			isa = PBXGroup;
			children = (
				1391A665243E378B0005557F /* CoreData-Number-Facts.app */,
			);
			name = Products;
			sourceTree = "<group>";
		};
		1391A667243E378B0005557F /* CoreData-Number-Facts */ = {
			isa = PBXGroup;
			children = (
				1391A668243E378B0005557F /* AppDelegate.swift */,
				1391A66A243E378B0005557F /* SceneDelegate.swift */,
				1391A681243E433C0005557F /* Models */,
				1391A67F243E431A0005557F /* Controllers */,
				1391A680243E432E0005557F /* Supporting Files */,
				1391A679243E378E0005557F /* Info.plist */,
			);
			path = "CoreData-Number-Facts";
			sourceTree = "<group>";
		};
		1391A67F243E431A0005557F /* Controllers */ = {
			isa = PBXGroup;
			children = (
				1391A66C243E378B0005557F /* PostViewController.swift */,
				1391A68A243E43BD0005557F /* UsersViewController.swift */,
				1391A686243E43990005557F /* CreatePostViewController.swift */,
				1391A688243E43AF0005557F /* CreateUserViewController.swift */,
			);
			path = Controllers;
			sourceTree = "<group>";
		};
		1391A680243E432E0005557F /* Supporting Files */ = {
			isa = PBXGroup;
			children = (
				1391A66E243E378B0005557F /* Main.storyboard */,
				1391A674243E378E0005557F /* Assets.xcassets */,
				1391A676243E378E0005557F /* LaunchScreen.storyboard */,
			);
			path = "Supporting Files";
			sourceTree = "<group>";
		};
		1391A681243E433C0005557F /* Models */ = {
			isa = PBXGroup;
			children = (
				13FA12D4243F78B300E5C470 /* User+CoreDataProperties.swift */,
				13FA12D5243F78B300E5C470 /* Post+CoreDataProperties.swift */,
				13FA12B6243F753E00E5C470 /* User+CoreDataClass.swift */,
				13FA12B4243F753E00E5C470 /* Post+CoreDataClass.swift */,
				1391A671243E378B0005557F /* CoreData_Number_Facts.xcdatamodeld */,
			);
			path = Models;
			sourceTree = "<group>";
		};
/* End PBXGroup section */

/* Begin PBXNativeTarget section */
		1391A664243E378B0005557F /* CoreData-Number-Facts */ = {
			isa = PBXNativeTarget;
			buildConfigurationList = 1391A67C243E378E0005557F /* Build configuration list for PBXNativeTarget "CoreData-Number-Facts" */;
			buildPhases = (
				1391A661243E378B0005557F /* Sources */,
				1391A662243E378B0005557F /* Frameworks */,
				1391A663243E378B0005557F /* Resources */,
			);
			buildRules = (
			);
			dependencies = (
			);
			name = "CoreData-Number-Facts";
			productName = "CoreData-Number-Facts";
			productReference = 1391A665243E378B0005557F /* CoreData-Number-Facts.app */;
			productType = "com.apple.product-type.application";
		};
/* End PBXNativeTarget section */

/* Begin PBXProject section */
		1391A65D243E378B0005557F /* Project object */ = {
			isa = PBXProject;
			attributes = {
				LastSwiftUpdateCheck = 1120;
				LastUpgradeCheck = 1120;
				ORGANIZATIONNAME = "Christian Hurtado";
				TargetAttributes = {
					1391A664243E378B0005557F = {
						CreatedOnToolsVersion = 11.2;
					};
				};
			};
			buildConfigurationList = 1391A660243E378B0005557F /* Build configuration list for PBXProject "CoreData-Number-Facts" */;
			compatibilityVersion = "Xcode 9.3";
			developmentRegion = en;
			hasScannedForEncodings = 0;
			knownRegions = (
				en,
				Base,
			);
			mainGroup = 1391A65C243E378B0005557F;
			productRefGroup = 1391A666243E378B0005557F /* Products */;
			projectDirPath = "";
			projectRoot = "";
			targets = (
				1391A664243E378B0005557F /* CoreData-Number-Facts */,
			);
		};
/* End PBXProject section */

/* Begin PBXResourcesBuildPhase section */
		1391A663243E378B0005557F /* Resources */ = {
			isa = PBXResourcesBuildPhase;
			buildActionMask = 2147483647;
			files = (
				1391A678243E378E0005557F /* LaunchScreen.storyboard in Resources */,
				1391A675243E378E0005557F /* Assets.xcassets in Resources */,
				1391A670243E378B0005557F /* Main.storyboard in Resources */,
			);
			runOnlyForDeploymentPostprocessing = 0;
		};
/* End PBXResourcesBuildPhase section */

/* Begin PBXSourcesBuildPhase section */
		1391A661243E378B0005557F /* Sources */ = {
			isa = PBXSourcesBuildPhase;
			buildActionMask = 2147483647;
			files = (
				1391A66D243E378B0005557F /* PostViewController.swift in Sources */,
				1391A687243E43990005557F /* CreatePostViewController.swift in Sources */,
				13FA12BA243F753E00E5C470 /* User+CoreDataClass.swift in Sources */,
				1391A68B243E43BD0005557F /* UsersViewController.swift in Sources */,
				1391A689243E43AF0005557F /* CreateUserViewController.swift in Sources */,
				1391A673243E378B0005557F /* CoreData_Number_Facts.xcdatamodeld in Sources */,
				1391A669243E378B0005557F /* AppDelegate.swift in Sources */,
				13FA12D7243F78B300E5C470 /* Post+CoreDataProperties.swift in Sources */,
				13FA12B8243F753E00E5C470 /* Post+CoreDataClass.swift in Sources */,
				13FA12D6243F78B300E5C470 /* User+CoreDataProperties.swift in Sources */,
				1391A66B243E378B0005557F /* SceneDelegate.swift in Sources */,
			);
			runOnlyForDeploymentPostprocessing = 0;
		};
/* End PBXSourcesBuildPhase section */

/* Begin PBXVariantGroup section */
		1391A66E243E378B0005557F /* Main.storyboard */ = {
			isa = PBXVariantGroup;
			children = (
				1391A66F243E378B0005557F /* Base */,
			);
			name = Main.storyboard;
			sourceTree = "<group>";
		};
		1391A676243E378E0005557F /* LaunchScreen.storyboard */ = {
			isa = PBXVariantGroup;
			children = (
				1391A677243E378E0005557F /* Base */,
			);
			name = LaunchScreen.storyboard;
			sourceTree = "<group>";
		};
/* End PBXVariantGroup section */

/* Begin XCBuildConfiguration section */
		1391A67A243E378E0005557F /* Debug */ = {
			isa = XCBuildConfiguration;
			buildSettings = {
				ALWAYS_SEARCH_USER_PATHS = NO;
				CLANG_ANALYZER_NONNULL = YES;
				CLANG_ANALYZER_NUMBER_OBJECT_CONVERSION = YES_AGGRESSIVE;
				CLANG_CXX_LANGUAGE_STANDARD = "gnu++14";
				CLANG_CXX_LIBRARY = "libc++";
				CLANG_ENABLE_MODULES = YES;
				CLANG_ENABLE_OBJC_ARC = YES;
				CLANG_ENABLE_OBJC_WEAK = YES;
				CLANG_WARN_BLOCK_CAPTURE_AUTORELEASING = YES;
				CLANG_WARN_BOOL_CONVERSION = YES;
				CLANG_WARN_COMMA = YES;
				CLANG_WARN_CONSTANT_CONVERSION = YES;
				CLANG_WARN_DEPRECATED_OBJC_IMPLEMENTATIONS = YES;
				CLANG_WARN_DIRECT_OBJC_ISA_USAGE = YES_ERROR;
				CLANG_WARN_DOCUMENTATION_COMMENTS = YES;
				CLANG_WARN_EMPTY_BODY = YES;
				CLANG_WARN_ENUM_CONVERSION = YES;
				CLANG_WARN_INFINITE_RECURSION = YES;
				CLANG_WARN_INT_CONVERSION = YES;
				CLANG_WARN_NON_LITERAL_NULL_CONVERSION = YES;
				CLANG_WARN_OBJC_IMPLICIT_RETAIN_SELF = YES;
				CLANG_WARN_OBJC_LITERAL_CONVERSION = YES;
				CLANG_WARN_OBJC_ROOT_CLASS = YES_ERROR;
				CLANG_WARN_RANGE_LOOP_ANALYSIS = YES;
				CLANG_WARN_STRICT_PROTOTYPES = YES;
				CLANG_WARN_SUSPICIOUS_MOVE = YES;
				CLANG_WARN_UNGUARDED_AVAILABILITY = YES_AGGRESSIVE;
				CLANG_WARN_UNREACHABLE_CODE = YES;
				CLANG_WARN__DUPLICATE_METHOD_MATCH = YES;
				COPY_PHASE_STRIP = NO;
				DEBUG_INFORMATION_FORMAT = dwarf;
				ENABLE_STRICT_OBJC_MSGSEND = YES;
				ENABLE_TESTABILITY = YES;
				GCC_C_LANGUAGE_STANDARD = gnu11;
				GCC_DYNAMIC_NO_PIC = NO;
				GCC_NO_COMMON_BLOCKS = YES;
				GCC_OPTIMIZATION_LEVEL = 0;
				GCC_PREPROCESSOR_DEFINITIONS = (
					"DEBUG=1",
					"$(inherited)",
				);
				GCC_WARN_64_TO_32_BIT_CONVERSION = YES;
				GCC_WARN_ABOUT_RETURN_TYPE = YES_ERROR;
				GCC_WARN_UNDECLARED_SELECTOR = YES;
				GCC_WARN_UNINITIALIZED_AUTOS = YES_AGGRESSIVE;
				GCC_WARN_UNUSED_FUNCTION = YES;
				GCC_WARN_UNUSED_VARIABLE = YES;
				IPHONEOS_DEPLOYMENT_TARGET = 13.2;
				MTL_ENABLE_DEBUG_INFO = INCLUDE_SOURCE;
				MTL_FAST_MATH = YES;
				ONLY_ACTIVE_ARCH = YES;
				SDKROOT = iphoneos;
				SWIFT_ACTIVE_COMPILATION_CONDITIONS = DEBUG;
				SWIFT_OPTIMIZATION_LEVEL = "-Onone";
			};
			name = Debug;
		};
		1391A67B243E378E0005557F /* Release */ = {
			isa = XCBuildConfiguration;
			buildSettings = {
				ALWAYS_SEARCH_USER_PATHS = NO;
				CLANG_ANALYZER_NONNULL = YES;
				CLANG_ANALYZER_NUMBER_OBJECT_CONVERSION = YES_AGGRESSIVE;
				CLANG_CXX_LANGUAGE_STANDARD = "gnu++14";
				CLANG_CXX_LIBRARY = "libc++";
				CLANG_ENABLE_MODULES = YES;
				CLANG_ENABLE_OBJC_ARC = YES;
				CLANG_ENABLE_OBJC_WEAK = YES;
				CLANG_WARN_BLOCK_CAPTURE_AUTORELEASING = YES;
				CLANG_WARN_BOOL_CONVERSION = YES;
				CLANG_WARN_COMMA = YES;
				CLANG_WARN_CONSTANT_CONVERSION = YES;
				CLANG_WARN_DEPRECATED_OBJC_IMPLEMENTATIONS = YES;
				CLANG_WARN_DIRECT_OBJC_ISA_USAGE = YES_ERROR;
				CLANG_WARN_DOCUMENTATION_COMMENTS = YES;
				CLANG_WARN_EMPTY_BODY = YES;
				CLANG_WARN_ENUM_CONVERSION = YES;
				CLANG_WARN_INFINITE_RECURSION = YES;
				CLANG_WARN_INT_CONVERSION = YES;
				CLANG_WARN_NON_LITERAL_NULL_CONVERSION = YES;
				CLANG_WARN_OBJC_IMPLICIT_RETAIN_SELF = YES;
				CLANG_WARN_OBJC_LITERAL_CONVERSION = YES;
				CLANG_WARN_OBJC_ROOT_CLASS = YES_ERROR;
				CLANG_WARN_RANGE_LOOP_ANALYSIS = YES;
				CLANG_WARN_STRICT_PROTOTYPES = YES;
				CLANG_WARN_SUSPICIOUS_MOVE = YES;
				CLANG_WARN_UNGUARDED_AVAILABILITY = YES_AGGRESSIVE;
				CLANG_WARN_UNREACHABLE_CODE = YES;
				CLANG_WARN__DUPLICATE_METHOD_MATCH = YES;
				COPY_PHASE_STRIP = NO;
				DEBUG_INFORMATION_FORMAT = "dwarf-with-dsym";
				ENABLE_NS_ASSERTIONS = NO;
				ENABLE_STRICT_OBJC_MSGSEND = YES;
				GCC_C_LANGUAGE_STANDARD = gnu11;
				GCC_NO_COMMON_BLOCKS = YES;
				GCC_WARN_64_TO_32_BIT_CONVERSION = YES;
				GCC_WARN_ABOUT_RETURN_TYPE = YES_ERROR;
				GCC_WARN_UNDECLARED_SELECTOR = YES;
				GCC_WARN_UNINITIALIZED_AUTOS = YES_AGGRESSIVE;
				GCC_WARN_UNUSED_FUNCTION = YES;
				GCC_WARN_UNUSED_VARIABLE = YES;
				IPHONEOS_DEPLOYMENT_TARGET = 13.2;
				MTL_ENABLE_DEBUG_INFO = NO;
				MTL_FAST_MATH = YES;
				SDKROOT = iphoneos;
				SWIFT_COMPILATION_MODE = wholemodule;
				SWIFT_OPTIMIZATION_LEVEL = "-O";
				VALIDATE_PRODUCT = YES;
			};
			name = Release;
		};
		1391A67D243E378E0005557F /* Debug */ = {
			isa = XCBuildConfiguration;
			buildSettings = {
				ASSETCATALOG_COMPILER_APPICON_NAME = AppIcon;
				CODE_SIGN_STYLE = Automatic;
				DEVELOPMENT_TEAM = 5YYJ8TDUCW;
				INFOPLIST_FILE = "CoreData-Number-Facts/Info.plist";
				LD_RUNPATH_SEARCH_PATHS = (
					"$(inherited)",
					"@executable_path/Frameworks",
				);
				PRODUCT_BUNDLE_IDENTIFIER = "com.christianhurtado.CoreData-Number-Facts";
				PRODUCT_NAME = "$(TARGET_NAME)";
				SWIFT_VERSION = 5.0;
				TARGETED_DEVICE_FAMILY = "1,2";
			};
			name = Debug;
		};
		1391A67E243E378E0005557F /* Release */ = {
			isa = XCBuildConfiguration;
			buildSettings = {
				ASSETCATALOG_COMPILER_APPICON_NAME = AppIcon;
				CODE_SIGN_STYLE = Automatic;
				DEVELOPMENT_TEAM = 5YYJ8TDUCW;
				INFOPLIST_FILE = "CoreData-Number-Facts/Info.plist";
				LD_RUNPATH_SEARCH_PATHS = (
					"$(inherited)",
					"@executable_path/Frameworks",
				);
				PRODUCT_BUNDLE_IDENTIFIER = "com.christianhurtado.CoreData-Number-Facts";
				PRODUCT_NAME = "$(TARGET_NAME)";
				SWIFT_VERSION = 5.0;
				TARGETED_DEVICE_FAMILY = "1,2";
			};
			name = Release;
		};
/* End XCBuildConfiguration section */

/* Begin XCConfigurationList section */
		1391A660243E378B0005557F /* Build configuration list for PBXProject "CoreData-Number-Facts" */ = {
			isa = XCConfigurationList;
			buildConfigurations = (
				1391A67A243E378E0005557F /* Debug */,
				1391A67B243E378E0005557F /* Release */,
			);
			defaultConfigurationIsVisible = 0;
			defaultConfigurationName = Release;
		};
		1391A67C243E378E0005557F /* Build configuration list for PBXNativeTarget "CoreData-Number-Facts" */ = {
			isa = XCConfigurationList;
			buildConfigurations = (
				1391A67D243E378E0005557F /* Debug */,
				1391A67E243E378E0005557F /* Release */,
			);
			defaultConfigurationIsVisible = 0;
			defaultConfigurationName = Release;
		};
/* End XCConfigurationList section */

/* Begin XCVersionGroup section */
		1391A671243E378B0005557F /* CoreData_Number_Facts.xcdatamodeld */ = {
			isa = XCVersionGroup;
			children = (
				1391A672243E378B0005557F /* CoreData_Number_Facts.xcdatamodel */,
			);
			currentVersion = 1391A672243E378B0005557F /* CoreData_Number_Facts.xcdatamodel */;
			path = CoreData_Number_Facts.xcdatamodeld;
			sourceTree = "<group>";
			versionGroupType = wrapper.xcdatamodel;
		};
/* End XCVersionGroup section */
	};
	rootObject = 1391A65D243E378B0005557F /* Project object */;
}
